// !$*UTF8*$!
{
	archiveVersion = 1;
	classes = {
	};
	objectVersion = 70;
	objects = {

/* Begin PBXBuildFile section */
		7E1751862D36175D0097FE4A /* AppDelegate.swift in Sources */ = {isa = PBXBuildFile; fileRef = 7E1751852D36175D0097FE4A /* AppDelegate.swift */; };
		7E1751882D36175D0097FE4A /* SceneDelegate.swift in Sources */ = {isa = PBXBuildFile; fileRef = 7E1751872D36175D0097FE4A /* SceneDelegate.swift */; };
		7E17518A2D36175D0097FE4A /* ViewController.swift in Sources */ = {isa = PBXBuildFile; fileRef = 7E1751892D36175D0097FE4A /* ViewController.swift */; };
		7E17518D2D36175D0097FE4A /* Main.storyboard in Resources */ = {isa = PBXBuildFile; fileRef = 7E17518B2D36175D0097FE4A /* Main.storyboard */; };
		7E17518F2D3617610097FE4A /* Assets.xcassets in Resources */ = {isa = PBXBuildFile; fileRef = 7E17518E2D3617610097FE4A /* Assets.xcassets */; };
		7E1751922D3617610097FE4A /* LaunchScreen.storyboard in Resources */ = {isa = PBXBuildFile; fileRef = 7E1751902D3617610097FE4A /* LaunchScreen.storyboard */; };
		7E41E21F2D6E9D1A004DEA32 /* CurrentInfoView.swift in Sources */ = {isa = PBXBuildFile; fileRef = 7E41E21E2D6E9D1A004DEA32 /* CurrentInfoView.swift */; };
		7E41E2212D6E9D38004DEA32 /* CurrentInfoVIew.xib in Resources */ = {isa = PBXBuildFile; fileRef = 7E41E2202D6E9D38004DEA32 /* CurrentInfoVIew.xib */; };
		7E637A0F2D41CDBA007824A7 /* FirstViewModel.swift in Sources */ = {isa = PBXBuildFile; fileRef = 7E637A0E2D41CDBA007824A7 /* FirstViewModel.swift */; };
		7EF3280A2D6D449B0050820B /* RxCocoa in Frameworks */ = {isa = PBXBuildFile; productRef = 7EF328092D6D449B0050820B /* RxCocoa */; };
		7EF3280C2D6D449B0050820B /* RxSwift in Frameworks */ = {isa = PBXBuildFile; productRef = 7EF3280B2D6D449B0050820B /* RxSwift */; };
		7EF3280F2D6D44B80050820B /* ReactorKit in Frameworks */ = {isa = PBXBuildFile; productRef = 7EF3280E2D6D44B80050820B /* ReactorKit */; };
/* End PBXBuildFile section */

/* Begin PBXFileReference section */
		7E1751822D36175D0097FE4A /* stockStalker.app */ = {isa = PBXFileReference; explicitFileType = wrapper.application; includeInIndex = 0; path = stockStalker.app; sourceTree = BUILT_PRODUCTS_DIR; };
		7E1751852D36175D0097FE4A /* AppDelegate.swift */ = {isa = PBXFileReference; lastKnownFileType = sourcecode.swift; path = AppDelegate.swift; sourceTree = "<group>"; };
		7E1751872D36175D0097FE4A /* SceneDelegate.swift */ = {isa = PBXFileReference; lastKnownFileType = sourcecode.swift; path = SceneDelegate.swift; sourceTree = "<group>"; };
		7E1751892D36175D0097FE4A /* ViewController.swift */ = {isa = PBXFileReference; lastKnownFileType = sourcecode.swift; path = ViewController.swift; sourceTree = "<group>"; };
		7E17518C2D36175D0097FE4A /* Base */ = {isa = PBXFileReference; lastKnownFileType = file.storyboard; name = Base; path = Base.lproj/Main.storyboard; sourceTree = "<group>"; };
		7E17518E2D3617610097FE4A /* Assets.xcassets */ = {isa = PBXFileReference; lastKnownFileType = folder.assetcatalog; path = Assets.xcassets; sourceTree = "<group>"; };
		7E1751912D3617610097FE4A /* Base */ = {isa = PBXFileReference; lastKnownFileType = file.storyboard; name = Base; path = Base.lproj/LaunchScreen.storyboard; sourceTree = "<group>"; };
		7E1751932D3617610097FE4A /* Info.plist */ = {isa = PBXFileReference; lastKnownFileType = text.plist.xml; path = Info.plist; sourceTree = "<group>"; };
		7E41E21E2D6E9D1A004DEA32 /* CurrentInfoView.swift */ = {isa = PBXFileReference; lastKnownFileType = sourcecode.swift; path = CurrentInfoView.swift; sourceTree = "<group>"; };
		7E41E2202D6E9D38004DEA32 /* CurrentInfoVIew.xib */ = {isa = PBXFileReference; lastKnownFileType = file.xib; path = CurrentInfoVIew.xib; sourceTree = "<group>"; };
		7E637A0E2D41CDBA007824A7 /* FirstViewModel.swift */ = {isa = PBXFileReference; lastKnownFileType = sourcecode.swift; path = FirstViewModel.swift; sourceTree = "<group>"; };
/* End PBXFileReference section */

/* Begin PBXFileSystemSynchronizedRootGroup section */
		7E3FB8F32D6FF6EB00CD0B79 /* YahooAPI */ = {isa = PBXFileSystemSynchronizedRootGroup; explicitFileTypes = {}; explicitFolders = (); path = YahooAPI; sourceTree = "<group>"; };
		7E499EFA2D7923140066AF6F /* Extensions */ = {isa = PBXFileSystemSynchronizedRootGroup; explicitFileTypes = {}; explicitFolders = (); path = Extensions; sourceTree = "<group>"; };
		7E499F132D792E260066AF6F /* Common */ = {isa = PBXFileSystemSynchronizedRootGroup; explicitFileTypes = {}; explicitFolders = (); path = Common; sourceTree = "<group>"; };
		7EF8D5CB2D77D7B10029609F /* VM */ = {isa = PBXFileSystemSynchronizedRootGroup; explicitFileTypes = {}; explicitFolders = (); path = VM; sourceTree = "<group>"; };
		7EF8D5D02D77D86E0029609F /* VIEWS */ = {isa = PBXFileSystemSynchronizedRootGroup; explicitFileTypes = {}; explicitFolders = (); path = VIEWS; sourceTree = "<group>"; };
/* End PBXFileSystemSynchronizedRootGroup section */

/* Begin PBXFrameworksBuildPhase section */
		7E17517F2D36175D0097FE4A /* Frameworks */ = {
			isa = PBXFrameworksBuildPhase;
			buildActionMask = 2147483647;
			files = (
				7EF3280C2D6D449B0050820B /* RxSwift in Frameworks */,
				7EF3280F2D6D44B80050820B /* ReactorKit in Frameworks */,
				7EF3280A2D6D449B0050820B /* RxCocoa in Frameworks */,
			);
			runOnlyForDeploymentPostprocessing = 0;
		};
/* End PBXFrameworksBuildPhase section */

/* Begin PBXGroup section */
		7E1751792D36175D0097FE4A = {
			isa = PBXGroup;
			children = (
				7E1751842D36175D0097FE4A /* stockStalker */,
				7E1751832D36175D0097FE4A /* Products */,
			);
			sourceTree = "<group>";
		};
		7E1751832D36175D0097FE4A /* Products */ = {
			isa = PBXGroup;
			children = (
				7E1751822D36175D0097FE4A /* stockStalker.app */,
			);
			name = Products;
			sourceTree = "<group>";
		};
		7E1751842D36175D0097FE4A /* stockStalker */ = {
			isa = PBXGroup;
			children = (
				7E499F132D792E260066AF6F /* Common */,
				7E499EFA2D7923140066AF6F /* Extensions */,
				7EF8D5D02D77D86E0029609F /* VIEWS */,
				7EF8D5CB2D77D7B10029609F /* VM */,
				7E3FB8F32D6FF6EB00CD0B79 /* YahooAPI */,
				7E1751852D36175D0097FE4A /* AppDelegate.swift */,
				7E1751872D36175D0097FE4A /* SceneDelegate.swift */,
				7E1751892D36175D0097FE4A /* ViewController.swift */,
				7E41E21E2D6E9D1A004DEA32 /* CurrentInfoView.swift */,
				7E41E2202D6E9D38004DEA32 /* CurrentInfoVIew.xib */,
				7E17518B2D36175D0097FE4A /* Main.storyboard */,
				7E17518E2D3617610097FE4A /* Assets.xcassets */,
				7E1751902D3617610097FE4A /* LaunchScreen.storyboard */,
				7E1751932D3617610097FE4A /* Info.plist */,
				7E637A0E2D41CDBA007824A7 /* FirstViewModel.swift */,
			);
			path = stockStalker;
			sourceTree = "<group>";
		};
/* End PBXGroup section */

/* Begin PBXNativeTarget section */
		7E1751812D36175D0097FE4A /* stockStalker */ = {
			isa = PBXNativeTarget;
			buildConfigurationList = 7E1751962D3617610097FE4A /* Build configuration list for PBXNativeTarget "stockStalker" */;
			buildPhases = (
				7E17517E2D36175D0097FE4A /* Sources */,
				7E17517F2D36175D0097FE4A /* Frameworks */,
				7E1751802D36175D0097FE4A /* Resources */,
			);
			buildRules = (
			);
			dependencies = (
			);
			fileSystemSynchronizedGroups = (
				7E3FB8F32D6FF6EB00CD0B79 /* YahooAPI */,
				7E499EFA2D7923140066AF6F /* Extensions */,
				7E499F132D792E260066AF6F /* Common */,
				7EF8D5CB2D77D7B10029609F /* VM */,
				7EF8D5D02D77D86E0029609F /* VIEWS */,
			);
			name = stockStalker;
			productName = stockStalker;
			productReference = 7E1751822D36175D0097FE4A /* stockStalker.app */;
			productType = "com.apple.product-type.application";
		};
/* End PBXNativeTarget section */

/* Begin PBXProject section */
		7E17517A2D36175D0097FE4A /* Project object */ = {
			isa = PBXProject;
			attributes = {
				BuildIndependentTargetsInParallel = 1;
				LastSwiftUpdateCheck = 1500;
				LastUpgradeCheck = 1500;
				TargetAttributes = {
					7E1751812D36175D0097FE4A = {
						CreatedOnToolsVersion = 15.0.1;
					};
				};
			};
			buildConfigurationList = 7E17517D2D36175D0097FE4A /* Build configuration list for PBXProject "stockStalker" */;
			compatibilityVersion = "Xcode 14.0";
			developmentRegion = en;
			hasScannedForEncodings = 0;
			knownRegions = (
				en,
				Base,
			);
			mainGroup = 7E1751792D36175D0097FE4A;
			packageReferences = (
				7EF328082D6D449B0050820B /* XCRemoteSwiftPackageReference "RxSwift" */,
				7EF3280D2D6D44B80050820B /* XCRemoteSwiftPackageReference "ReactorKit" */,
			);
			productRefGroup = 7E1751832D36175D0097FE4A /* Products */;
			projectDirPath = "";
			projectRoot = "";
			targets = (
				7E1751812D36175D0097FE4A /* stockStalker */,
			);
		};
/* End PBXProject section */

/* Begin PBXResourcesBuildPhase section */
		7E1751802D36175D0097FE4A /* Resources */ = {
			isa = PBXResourcesBuildPhase;
			buildActionMask = 2147483647;
			files = (
				7E1751922D3617610097FE4A /* LaunchScreen.storyboard in Resources */,
				7E17518F2D3617610097FE4A /* Assets.xcassets in Resources */,
				7E41E2212D6E9D38004DEA32 /* CurrentInfoVIew.xib in Resources */,
				7E17518D2D36175D0097FE4A /* Main.storyboard in Resources */,
			);
			runOnlyForDeploymentPostprocessing = 0;
		};
/* End PBXResourcesBuildPhase section */

/* Begin PBXSourcesBuildPhase section */
		7E17517E2D36175D0097FE4A /* Sources */ = {
			isa = PBXSourcesBuildPhase;
			buildActionMask = 2147483647;
			files = (
				7E17518A2D36175D0097FE4A /* ViewController.swift in Sources */,
				7E1751862D36175D0097FE4A /* AppDelegate.swift in Sources */,
				7E1751882D36175D0097FE4A /* SceneDelegate.swift in Sources */,
				7E637A0F2D41CDBA007824A7 /* FirstViewModel.swift in Sources */,
				7E41E21F2D6E9D1A004DEA32 /* CurrentInfoView.swift in Sources */,
			);
			runOnlyForDeploymentPostprocessing = 0;
		};
/* End PBXSourcesBuildPhase section */

/* Begin PBXVariantGroup section */
		7E17518B2D36175D0097FE4A /* Main.storyboard */ = {
			isa = PBXVariantGroup;
			children = (
				7E17518C2D36175D0097FE4A /* Base */,
			);
			name = Main.storyboard;
			sourceTree = "<group>";
		};
		7E1751902D3617610097FE4A /* LaunchScreen.storyboard */ = {
			isa = PBXVariantGroup;
			children = (
				7E1751912D3617610097FE4A /* Base */,
			);
			name = LaunchScreen.storyboard;
			sourceTree = "<group>";
		};
/* End PBXVariantGroup section */

/* Begin XCBuildConfiguration section */
		7E1751942D3617610097FE4A /* Debug */ = {
			isa = XCBuildConfiguration;
			buildSettings = {
				ALWAYS_SEARCH_USER_PATHS = NO;
				ASSETCATALOG_COMPILER_GENERATE_SWIFT_ASSET_SYMBOL_EXTENSIONS = YES;
				CLANG_ANALYZER_NONNULL = YES;
				CLANG_ANALYZER_NUMBER_OBJECT_CONVERSION = YES_AGGRESSIVE;
				CLANG_CXX_LANGUAGE_STANDARD = "gnu++20";
				CLANG_ENABLE_MODULES = YES;
				CLANG_ENABLE_OBJC_ARC = YES;
				CLANG_ENABLE_OBJC_WEAK = YES;
				CLANG_WARN_BLOCK_CAPTURE_AUTORELEASING = YES;
				CLANG_WARN_BOOL_CONVERSION = YES;
				CLANG_WARN_COMMA = YES;
				CLANG_WARN_CONSTANT_CONVERSION = YES;
				CLANG_WARN_DEPRECATED_OBJC_IMPLEMENTATIONS = YES;
				CLANG_WARN_DIRECT_OBJC_ISA_USAGE = YES_ERROR;
				CLANG_WARN_DOCUMENTATION_COMMENTS = YES;
				CLANG_WARN_EMPTY_BODY = YES;
				CLANG_WARN_ENUM_CONVERSION = YES;
				CLANG_WARN_INFINITE_RECURSION = YES;
				CLANG_WARN_INT_CONVERSION = YES;
				CLANG_WARN_NON_LITERAL_NULL_CONVERSION = YES;
				CLANG_WARN_OBJC_IMPLICIT_RETAIN_SELF = YES;
				CLANG_WARN_OBJC_LITERAL_CONVERSION = YES;
				CLANG_WARN_OBJC_ROOT_CLASS = YES_ERROR;
				CLANG_WARN_QUOTED_INCLUDE_IN_FRAMEWORK_HEADER = YES;
				CLANG_WARN_RANGE_LOOP_ANALYSIS = YES;
				CLANG_WARN_STRICT_PROTOTYPES = YES;
				CLANG_WARN_SUSPICIOUS_MOVE = YES;
				CLANG_WARN_UNGUARDED_AVAILABILITY = YES_AGGRESSIVE;
				CLANG_WARN_UNREACHABLE_CODE = YES;
				CLANG_WARN__DUPLICATE_METHOD_MATCH = YES;
				COPY_PHASE_STRIP = NO;
				DEBUG_INFORMATION_FORMAT = dwarf;
				ENABLE_STRICT_OBJC_MSGSEND = YES;
				ENABLE_TESTABILITY = YES;
				ENABLE_USER_SCRIPT_SANDBOXING = YES;
				GCC_C_LANGUAGE_STANDARD = gnu17;
				GCC_DYNAMIC_NO_PIC = NO;
				GCC_NO_COMMON_BLOCKS = YES;
				GCC_OPTIMIZATION_LEVEL = 0;
				GCC_PREPROCESSOR_DEFINITIONS = (
					"DEBUG=1",
					"$(inherited)",
				);
				GCC_WARN_64_TO_32_BIT_CONVERSION = YES;
				GCC_WARN_ABOUT_RETURN_TYPE = YES_ERROR;
				GCC_WARN_UNDECLARED_SELECTOR = YES;
				GCC_WARN_UNINITIALIZED_AUTOS = YES_AGGRESSIVE;
				GCC_WARN_UNUSED_FUNCTION = YES;
				GCC_WARN_UNUSED_VARIABLE = YES;
				IPHONEOS_DEPLOYMENT_TARGET = 17.0;
				LOCALIZATION_PREFERS_STRING_CATALOGS = YES;
				MTL_ENABLE_DEBUG_INFO = INCLUDE_SOURCE;
				MTL_FAST_MATH = YES;
				ONLY_ACTIVE_ARCH = YES;
				SDKROOT = iphoneos;
				SWIFT_ACTIVE_COMPILATION_CONDITIONS = "DEBUG $(inherited)";
				SWIFT_OPTIMIZATION_LEVEL = "-Onone";
			};
			name = Debug;
		};
		7E1751952D3617610097FE4A /* Release */ = {
			isa = XCBuildConfiguration;
			buildSettings = {
				ALWAYS_SEARCH_USER_PATHS = NO;
				ASSETCATALOG_COMPILER_GENERATE_SWIFT_ASSET_SYMBOL_EXTENSIONS = YES;
				CLANG_ANALYZER_NONNULL = YES;
				CLANG_ANALYZER_NUMBER_OBJECT_CONVERSION = YES_AGGRESSIVE;
				CLANG_CXX_LANGUAGE_STANDARD = "gnu++20";
				CLANG_ENABLE_MODULES = YES;
				CLANG_ENABLE_OBJC_ARC = YES;
				CLANG_ENABLE_OBJC_WEAK = YES;
				CLANG_WARN_BLOCK_CAPTURE_AUTORELEASING = YES;
				CLANG_WARN_BOOL_CONVERSION = YES;
				CLANG_WARN_COMMA = YES;
				CLANG_WARN_CONSTANT_CONVERSION = YES;
				CLANG_WARN_DEPRECATED_OBJC_IMPLEMENTATIONS = YES;
				CLANG_WARN_DIRECT_OBJC_ISA_USAGE = YES_ERROR;
				CLANG_WARN_DOCUMENTATION_COMMENTS = YES;
				CLANG_WARN_EMPTY_BODY = YES;
				CLANG_WARN_ENUM_CONVERSION = YES;
				CLANG_WARN_INFINITE_RECURSION = YES;
				CLANG_WARN_INT_CONVERSION = YES;
				CLANG_WARN_NON_LITERAL_NULL_CONVERSION = YES;
				CLANG_WARN_OBJC_IMPLICIT_RETAIN_SELF = YES;
				CLANG_WARN_OBJC_LITERAL_CONVERSION = YES;
				CLANG_WARN_OBJC_ROOT_CLASS = YES_ERROR;
				CLANG_WARN_QUOTED_INCLUDE_IN_FRAMEWORK_HEADER = YES;
				CLANG_WARN_RANGE_LOOP_ANALYSIS = YES;
				CLANG_WARN_STRICT_PROTOTYPES = YES;
				CLANG_WARN_SUSPICIOUS_MOVE = YES;
				CLANG_WARN_UNGUARDED_AVAILABILITY = YES_AGGRESSIVE;
				CLANG_WARN_UNREACHABLE_CODE = YES;
				CLANG_WARN__DUPLICATE_METHOD_MATCH = YES;
				COPY_PHASE_STRIP = NO;
				DEBUG_INFORMATION_FORMAT = "dwarf-with-dsym";
				ENABLE_NS_ASSERTIONS = NO;
				ENABLE_STRICT_OBJC_MSGSEND = YES;
				ENABLE_USER_SCRIPT_SANDBOXING = YES;
				GCC_C_LANGUAGE_STANDARD = gnu17;
				GCC_NO_COMMON_BLOCKS = YES;
				GCC_WARN_64_TO_32_BIT_CONVERSION = YES;
				GCC_WARN_ABOUT_RETURN_TYPE = YES_ERROR;
				GCC_WARN_UNDECLARED_SELECTOR = YES;
				GCC_WARN_UNINITIALIZED_AUTOS = YES_AGGRESSIVE;
				GCC_WARN_UNUSED_FUNCTION = YES;
				GCC_WARN_UNUSED_VARIABLE = YES;
				IPHONEOS_DEPLOYMENT_TARGET = 17.0;
				LOCALIZATION_PREFERS_STRING_CATALOGS = YES;
				MTL_ENABLE_DEBUG_INFO = NO;
				MTL_FAST_MATH = YES;
				SDKROOT = iphoneos;
				SWIFT_COMPILATION_MODE = wholemodule;
				VALIDATE_PRODUCT = YES;
			};
			name = Release;
		};
		7E1751972D3617610097FE4A /* Debug */ = {
			isa = XCBuildConfiguration;
			buildSettings = {
				ASSETCATALOG_COMPILER_APPICON_NAME = AppIcon;
				ASSETCATALOG_COMPILER_GLOBAL_ACCENT_COLOR_NAME = AccentColor;
				CODE_SIGN_STYLE = Automatic;
				CURRENT_PROJECT_VERSION = 1;
				GENERATE_INFOPLIST_FILE = YES;
				INFOPLIST_FILE = stockStalker/Info.plist;
				INFOPLIST_KEY_UIApplicationSupportsIndirectInputEvents = YES;
				INFOPLIST_KEY_UILaunchStoryboardName = LaunchScreen;
				INFOPLIST_KEY_UIMainStoryboardFile = Main;
				INFOPLIST_KEY_UISupportedInterfaceOrientations = UIInterfaceOrientationPortrait;
				INFOPLIST_KEY_UISupportedInterfaceOrientations_iPad = "UIInterfaceOrientationLandscapeLeft UIInterfaceOrientationLandscapeRight UIInterfaceOrientationPortrait UIInterfaceOrientationPortraitUpsideDown";
				IPHONEOS_DEPLOYMENT_TARGET = 15.0;
				LD_RUNPATH_SEARCH_PATHS = (
					"$(inherited)",
					"@executable_path/Frameworks",
				);
				MARKETING_VERSION = 1.0;
				PRODUCT_BUNDLE_IDENTIFIER = kr.co.wonsang.stockStalker;
				PRODUCT_NAME = "$(TARGET_NAME)";
				SUPPORTED_PLATFORMS = "iphoneos iphonesimulator";
				SUPPORTS_MACCATALYST = NO;
				SUPPORTS_MAC_DESIGNED_FOR_IPHONE_IPAD = NO;
				SUPPORTS_XR_DESIGNED_FOR_IPHONE_IPAD = NO;
				SWIFT_EMIT_LOC_STRINGS = YES;
				SWIFT_VERSION = 5.0;
				TARGETED_DEVICE_FAMILY = 1;
			};
			name = Debug;
		};
		7E1751982D3617610097FE4A /* Release */ = {
			isa = XCBuildConfiguration;
			buildSettings = {
				ASSETCATALOG_COMPILER_APPICON_NAME = AppIcon;
				ASSETCATALOG_COMPILER_GLOBAL_ACCENT_COLOR_NAME = AccentColor;
				CODE_SIGN_STYLE = Automatic;
				CURRENT_PROJECT_VERSION = 1;
				GENERATE_INFOPLIST_FILE = YES;
				INFOPLIST_FILE = stockStalker/Info.plist;
				INFOPLIST_KEY_UIApplicationSupportsIndirectInputEvents = YES;
				INFOPLIST_KEY_UILaunchStoryboardName = LaunchScreen;
				INFOPLIST_KEY_UIMainStoryboardFile = Main;
				INFOPLIST_KEY_UISupportedInterfaceOrientations = UIInterfaceOrientationPortrait;
				INFOPLIST_KEY_UISupportedInterfaceOrientations_iPad = "UIInterfaceOrientationLandscapeLeft UIInterfaceOrientationLandscapeRight UIInterfaceOrientationPortrait UIInterfaceOrientationPortraitUpsideDown";
				IPHONEOS_DEPLOYMENT_TARGET = 15.0;
				LD_RUNPATH_SEARCH_PATHS = (
					"$(inherited)",
					"@executable_path/Frameworks",
				);
				MARKETING_VERSION = 1.0;
				PRODUCT_BUNDLE_IDENTIFIER = kr.co.wonsang.stockStalker;
				PRODUCT_NAME = "$(TARGET_NAME)";
				SUPPORTED_PLATFORMS = "iphoneos iphonesimulator";
				SUPPORTS_MACCATALYST = NO;
				SUPPORTS_MAC_DESIGNED_FOR_IPHONE_IPAD = NO;
				SUPPORTS_XR_DESIGNED_FOR_IPHONE_IPAD = NO;
				SWIFT_EMIT_LOC_STRINGS = YES;
				SWIFT_VERSION = 5.0;
				TARGETED_DEVICE_FAMILY = 1;
			};
			name = Release;
		};
/* End XCBuildConfiguration section */

/* Begin XCConfigurationList section */
		7E17517D2D36175D0097FE4A /* Build configuration list for PBXProject "stockStalker" */ = {
			isa = XCConfigurationList;
			buildConfigurations = (
				7E1751942D3617610097FE4A /* Debug */,
				7E1751952D3617610097FE4A /* Release */,
			);
			defaultConfigurationIsVisible = 0;
			defaultConfigurationName = Release;
		};
		7E1751962D3617610097FE4A /* Build configuration list for PBXNativeTarget "stockStalker" */ = {
			isa = XCConfigurationList;
			buildConfigurations = (
				7E1751972D3617610097FE4A /* Debug */,
				7E1751982D3617610097FE4A /* Release */,
			);
			defaultConfigurationIsVisible = 0;
			defaultConfigurationName = Release;
		};
/* End XCConfigurationList section */

/* Begin XCRemoteSwiftPackageReference section */
		7EF328082D6D449B0050820B /* XCRemoteSwiftPackageReference "RxSwift" */ = {
			isa = XCRemoteSwiftPackageReference;
			repositoryURL = "https://github.com/ReactiveX/RxSwift";
			requirement = {
				kind = upToNextMajorVersion;
				minimumVersion = 6.9.0;
			};
		};
		7EF3280D2D6D44B80050820B /* XCRemoteSwiftPackageReference "ReactorKit" */ = {
			isa = XCRemoteSwiftPackageReference;
			repositoryURL = "https://github.com/ReactorKit/ReactorKit";
			requirement = {
				kind = upToNextMajorVersion;
				minimumVersion = 3.2.0;
			};
		};
/* End XCRemoteSwiftPackageReference section */

/* Begin XCSwiftPackageProductDependency section */
		7EF328092D6D449B0050820B /* RxCocoa */ = {
			isa = XCSwiftPackageProductDependency;
			package = 7EF328082D6D449B0050820B /* XCRemoteSwiftPackageReference "RxSwift" */;
			productName = RxCocoa;
		};
		7EF3280B2D6D449B0050820B /* RxSwift */ = {
			isa = XCSwiftPackageProductDependency;
			package = 7EF328082D6D449B0050820B /* XCRemoteSwiftPackageReference "RxSwift" */;
			productName = RxSwift;
		};
		7EF3280E2D6D44B80050820B /* ReactorKit */ = {
			isa = XCSwiftPackageProductDependency;
			package = 7EF3280D2D6D44B80050820B /* XCRemoteSwiftPackageReference "ReactorKit" */;
			productName = ReactorKit;
		};
/* End XCSwiftPackageProductDependency section */
	};
	rootObject = 7E17517A2D36175D0097FE4A /* Project object */;
}
