// !$*UTF8*$!
{
	archiveVersion = 1;
	classes = {
	};
	objectVersion = 56;
	objects = {

/* Begin PBXBuildFile section */
		7E1751862D36175D0097FE4A /* AppDelegate.swift in Sources */ = {isa = PBXBuildFile; fileRef = 7E1751852D36175D0097FE4A /* AppDelegate.swift */; };
		7E1751882D36175D0097FE4A /* SceneDelegate.swift in Sources */ = {isa = PBXBuildFile; fileRef = 7E1751872D36175D0097FE4A /* SceneDelegate.swift */; };
		7E17518A2D36175D0097FE4A /* ViewController.swift in Sources */ = {isa = PBXBuildFile; fileRef = 7E1751892D36175D0097FE4A /* ViewController.swift */; };
		7E17518D2D36175D0097FE4A /* Main.storyboard in Resources */ = {isa = PBXBuildFile; fileRef = 7E17518B2D36175D0097FE4A /* Main.storyboard */; };
		7E17518F2D3617610097FE4A /* Assets.xcassets in Resources */ = {isa = PBXBuildFile; fileRef = 7E17518E2D3617610097FE4A /* Assets.xcassets */; };
		7E1751922D3617610097FE4A /* LaunchScreen.storyboard in Resources */ = {isa = PBXBuildFile; fileRef = 7E1751902D3617610097FE4A /* LaunchScreen.storyboard */; };
		7E637A0F2D41CDBA007824A7 /* FirstViewModel.swift in Sources */ = {isa = PBXBuildFile; fileRef = 7E637A0E2D41CDBA007824A7 /* FirstViewModel.swift */; };
		9350B4EEBB1B85C45AD08D0A /* Pods_stockStalker.framework in Frameworks */ = {isa = PBXBuildFile; fileRef = 0DC317963CA8638CDA3AC2C8 /* Pods_stockStalker.framework */; };
		C17A92FB2D6C8DB40036625F /* ChartView.swift in Sources */ = {isa = PBXBuildFile; fileRef = C17A92FA2D6C8DB40036625F /* ChartView.swift */; };
/* End PBXBuildFile section */

/* Begin PBXFileReference section */
		0DC317963CA8638CDA3AC2C8 /* Pods_stockStalker.framework */ = {isa = PBXFileReference; explicitFileType = wrapper.framework; includeInIndex = 0; path = Pods_stockStalker.framework; sourceTree = BUILT_PRODUCTS_DIR; };
		2A407704B5BCAF8E0C80EE35 /* Pods-stockStalker.release.xcconfig */ = {isa = PBXFileReference; includeInIndex = 1; lastKnownFileType = text.xcconfig; name = "Pods-stockStalker.release.xcconfig"; path = "Target Support Files/Pods-stockStalker/Pods-stockStalker.release.xcconfig"; sourceTree = "<group>"; };
		7E1751822D36175D0097FE4A /* stockStalker.app */ = {isa = PBXFileReference; explicitFileType = wrapper.application; includeInIndex = 0; path = stockStalker.app; sourceTree = BUILT_PRODUCTS_DIR; };
		7E1751852D36175D0097FE4A /* AppDelegate.swift */ = {isa = PBXFileReference; lastKnownFileType = sourcecode.swift; path = AppDelegate.swift; sourceTree = "<group>"; };
		7E1751872D36175D0097FE4A /* SceneDelegate.swift */ = {isa = PBXFileReference; lastKnownFileType = sourcecode.swift; path = SceneDelegate.swift; sourceTree = "<group>"; };
		7E1751892D36175D0097FE4A /* ViewController.swift */ = {isa = PBXFileReference; lastKnownFileType = sourcecode.swift; path = ViewController.swift; sourceTree = "<group>"; };
		7E17518C2D36175D0097FE4A /* Base */ = {isa = PBXFileReference; lastKnownFileType = file.storyboard; name = Base; path = Base.lproj/Main.storyboard; sourceTree = "<group>"; };
		7E17518E2D3617610097FE4A /* Assets.xcassets */ = {isa = PBXFileReference; lastKnownFileType = folder.assetcatalog; path = Assets.xcassets; sourceTree = "<group>"; };
		7E1751912D3617610097FE4A /* Base */ = {isa = PBXFileReference; lastKnownFileType = file.storyboard; name = Base; path = Base.lproj/LaunchScreen.storyboard; sourceTree = "<group>"; };
		7E1751932D3617610097FE4A /* Info.plist */ = {isa = PBXFileReference; lastKnownFileType = text.plist.xml; path = Info.plist; sourceTree = "<group>"; };
		7E637A0E2D41CDBA007824A7 /* FirstViewModel.swift */ = {isa = PBXFileReference; lastKnownFileType = sourcecode.swift; path = FirstViewModel.swift; sourceTree = "<group>"; };
		B0B0A6E0FC925EC745E42642 /* Pods-stockStalker.debug.xcconfig */ = {isa = PBXFileReference; includeInIndex = 1; lastKnownFileType = text.xcconfig; name = "Pods-stockStalker.debug.xcconfig"; path = "Target Support Files/Pods-stockStalker/Pods-stockStalker.debug.xcconfig"; sourceTree = "<group>"; };
		C17A92FA2D6C8DB40036625F /* ChartView.swift */ = {isa = PBXFileReference; lastKnownFileType = sourcecode.swift; path = ChartView.swift; sourceTree = "<group>"; };
/* End PBXFileReference section */

/* Begin PBXFrameworksBuildPhase section */
		7E17517F2D36175D0097FE4A /* Frameworks */ = {
			isa = PBXFrameworksBuildPhase;
			buildActionMask = 2147483647;
			files = (
				9350B4EEBB1B85C45AD08D0A /* Pods_stockStalker.framework in Frameworks */,
			);
			runOnlyForDeploymentPostprocessing = 0;
		};
/* End PBXFrameworksBuildPhase section */

/* Begin PBXGroup section */
		2D9E660D7BAC373F79584C88 /* Pods */ = {
			isa = PBXGroup;
			children = (
				B0B0A6E0FC925EC745E42642 /* Pods-stockStalker.debug.xcconfig */,
				2A407704B5BCAF8E0C80EE35 /* Pods-stockStalker.release.xcconfig */,
			);
			path = Pods;
			sourceTree = "<group>";
		};
		4FD6989654991A80F22E0A29 /* Frameworks */ = {
			isa = PBXGroup;
			children = (
				0DC317963CA8638CDA3AC2C8 /* Pods_stockStalker.framework */,
			);
			name = Frameworks;
			sourceTree = "<group>";
		};
		7E1751792D36175D0097FE4A = {
			isa = PBXGroup;
			children = (
				7E1751842D36175D0097FE4A /* stockStalker */,
				7E1751832D36175D0097FE4A /* Products */,
				2D9E660D7BAC373F79584C88 /* Pods */,
				4FD6989654991A80F22E0A29 /* Frameworks */,
			);
			sourceTree = "<group>";
		};
		7E1751832D36175D0097FE4A /* Products */ = {
			isa = PBXGroup;
			children = (
				7E1751822D36175D0097FE4A /* stockStalker.app */,
			);
			name = Products;
			sourceTree = "<group>";
		};
		7E1751842D36175D0097FE4A /* stockStalker */ = {
			isa = PBXGroup;
			children = (
				7E1751852D36175D0097FE4A /* AppDelegate.swift */,
				7E1751872D36175D0097FE4A /* SceneDelegate.swift */,
				7E1751892D36175D0097FE4A /* ViewController.swift */,
				7E17518B2D36175D0097FE4A /* Main.storyboard */,
				7E17518E2D3617610097FE4A /* Assets.xcassets */,
				7E1751902D3617610097FE4A /* LaunchScreen.storyboard */,
				7E1751932D3617610097FE4A /* Info.plist */,
				7E637A0E2D41CDBA007824A7 /* FirstViewModel.swift */,
				C17A92FA2D6C8DB40036625F /* ChartView.swift */,
			);
			path = stockStalker;
			sourceTree = "<group>";
		};
/* End PBXGroup section */

/* Begin PBXNativeTarget section */
		7E1751812D36175D0097FE4A /* stockStalker */ = {
			isa = PBXNativeTarget;
			buildConfigurationList = 7E1751962D3617610097FE4A /* Build configuration list for PBXNativeTarget "stockStalker" */;
			buildPhases = (
				EC8534E3B51134A3BCE8F4CA /* [CP] Check Pods Manifest.lock */,
				7E17517E2D36175D0097FE4A /* Sources */,
				7E17517F2D36175D0097FE4A /* Frameworks */,
				7E1751802D36175D0097FE4A /* Resources */,
				2C16C8D54D86402EED4A76A5 /* [CP] Embed Pods Frameworks */,
			);
			buildRules = (
			);
			dependencies = (
			);
			name = stockStalker;
			productName = stockStalker;
			productReference = 7E1751822D36175D0097FE4A /* stockStalker.app */;
			productType = "com.apple.product-type.application";
		};
/* End PBXNativeTarget section */

/* Begin PBXProject section */
		7E17517A2D36175D0097FE4A /* Project object */ = {
			isa = PBXProject;
			attributes = {
				BuildIndependentTargetsInParallel = 1;
				LastSwiftUpdateCheck = 1500;
				LastUpgradeCheck = 1500;
				TargetAttributes = {
					7E1751812D36175D0097FE4A = {
						CreatedOnToolsVersion = 15.0.1;
					};
				};
			};
			buildConfigurationList = 7E17517D2D36175D0097FE4A /* Build configuration list for PBXProject "stockStalker" */;
			compatibilityVersion = "Xcode 14.0";
			developmentRegion = en;
			hasScannedForEncodings = 0;
			knownRegions = (
				en,
				Base,
			);
			mainGroup = 7E1751792D36175D0097FE4A;
			productRefGroup = 7E1751832D36175D0097FE4A /* Products */;
			projectDirPath = "";
			projectRoot = "";
			targets = (
				7E1751812D36175D0097FE4A /* stockStalker */,
			);
		};
/* End PBXProject section */

/* Begin PBXResourcesBuildPhase section */
		7E1751802D36175D0097FE4A /* Resources */ = {
			isa = PBXResourcesBuildPhase;
			buildActionMask = 2147483647;
			files = (
				7E1751922D3617610097FE4A /* LaunchScreen.storyboard in Resources */,
				7E17518F2D3617610097FE4A /* Assets.xcassets in Resources */,
				7E17518D2D36175D0097FE4A /* Main.storyboard in Resources */,
			);
			runOnlyForDeploymentPostprocessing = 0;
		};
/* End PBXResourcesBuildPhase section */

/* Begin PBXShellScriptBuildPhase section */
		2C16C8D54D86402EED4A76A5 /* [CP] Embed Pods Frameworks */ = {
			isa = PBXShellScriptBuildPhase;
			buildActionMask = 2147483647;
			files = (
			);
			inputFileListPaths = (
				"${PODS_ROOT}/Target Support Files/Pods-stockStalker/Pods-stockStalker-frameworks-${CONFIGURATION}-input-files.xcfilelist",
			);
			name = "[CP] Embed Pods Frameworks";
			outputFileListPaths = (
				"${PODS_ROOT}/Target Support Files/Pods-stockStalker/Pods-stockStalker-frameworks-${CONFIGURATION}-output-files.xcfilelist",
			);
			runOnlyForDeploymentPostprocessing = 0;
			shellPath = /bin/sh;
			shellScript = "\"${PODS_ROOT}/Target Support Files/Pods-stockStalker/Pods-stockStalker-frameworks.sh\"\n";
			showEnvVarsInLog = 0;
		};
		EC8534E3B51134A3BCE8F4CA /* [CP] Check Pods Manifest.lock */ = {
			isa = PBXShellScriptBuildPhase;
			buildActionMask = 2147483647;
			files = (
			);
			inputFileListPaths = (
			);
			inputPaths = (
				"${PODS_PODFILE_DIR_PATH}/Podfile.lock",
				"${PODS_ROOT}/Manifest.lock",
			);
			name = "[CP] Check Pods Manifest.lock";
			outputFileListPaths = (
			);
			outputPaths = (
				"$(DERIVED_FILE_DIR)/Pods-stockStalker-checkManifestLockResult.txt",
			);
			runOnlyForDeploymentPostprocessing = 0;
			shellPath = /bin/sh;
			shellScript = "diff \"${PODS_PODFILE_DIR_PATH}/Podfile.lock\" \"${PODS_ROOT}/Manifest.lock\" > /dev/null\nif [ $? != 0 ] ; then\n    # print error to STDERR\n    echo \"error: The sandbox is not in sync with the Podfile.lock. Run 'pod install' or update your CocoaPods installation.\" >&2\n    exit 1\nfi\n# This output is used by Xcode 'outputs' to avoid re-running this script phase.\necho \"SUCCESS\" > \"${SCRIPT_OUTPUT_FILE_0}\"\n";
			showEnvVarsInLog = 0;
		};
/* End PBXShellScriptBuildPhase section */

/* Begin PBXSourcesBuildPhase section */
		7E17517E2D36175D0097FE4A /* Sources */ = {
			isa = PBXSourcesBuildPhase;
			buildActionMask = 2147483647;
			files = (
				7E17518A2D36175D0097FE4A /* ViewController.swift in Sources */,
				7E1751862D36175D0097FE4A /* AppDelegate.swift in Sources */,
				7E1751882D36175D0097FE4A /* SceneDelegate.swift in Sources */,
				C17A92FB2D6C8DB40036625F /* ChartView.swift in Sources */,
				7E637A0F2D41CDBA007824A7 /* FirstViewModel.swift in Sources */,
			);
			runOnlyForDeploymentPostprocessing = 0;
		};
/* End PBXSourcesBuildPhase section */

/* Begin PBXVariantGroup section */
		7E17518B2D36175D0097FE4A /* Main.storyboard */ = {
			isa = PBXVariantGroup;
			children = (
				7E17518C2D36175D0097FE4A /* Base */,
			);
			name = Main.storyboard;
			sourceTree = "<group>";
		};
		7E1751902D3617610097FE4A /* LaunchScreen.storyboard */ = {
			isa = PBXVariantGroup;
			children = (
				7E1751912D3617610097FE4A /* Base */,
			);
			name = LaunchScreen.storyboard;
			sourceTree = "<group>";
		};
/* End PBXVariantGroup section */

/* Begin XCBuildConfiguration section */
		7E1751942D3617610097FE4A /* Debug */ = {
			isa = XCBuildConfiguration;
			buildSettings = {
				ALWAYS_SEARCH_USER_PATHS = NO;
				ASSETCATALOG_COMPILER_GENERATE_SWIFT_ASSET_SYMBOL_EXTENSIONS = YES;
				CLANG_ANALYZER_NONNULL = YES;
				CLANG_ANALYZER_NUMBER_OBJECT_CONVERSION = YES_AGGRESSIVE;
				CLANG_CXX_LANGUAGE_STANDARD = "gnu++20";
				CLANG_ENABLE_MODULES = YES;
				CLANG_ENABLE_OBJC_ARC = YES;
				CLANG_ENABLE_OBJC_WEAK = YES;
				CLANG_WARN_BLOCK_CAPTURE_AUTORELEASING = YES;
				CLANG_WARN_BOOL_CONVERSION = YES;
				CLANG_WARN_COMMA = YES;
				CLANG_WARN_CONSTANT_CONVERSION = YES;
				CLANG_WARN_DEPRECATED_OBJC_IMPLEMENTATIONS = YES;
				CLANG_WARN_DIRECT_OBJC_ISA_USAGE = YES_ERROR;
				CLANG_WARN_DOCUMENTATION_COMMENTS = YES;
				CLANG_WARN_EMPTY_BODY = YES;
				CLANG_WARN_ENUM_CONVERSION = YES;
				CLANG_WARN_INFINITE_RECURSION = YES;
				CLANG_WARN_INT_CONVERSION = YES;
				CLANG_WARN_NON_LITERAL_NULL_CONVERSION = YES;
				CLANG_WARN_OBJC_IMPLICIT_RETAIN_SELF = YES;
				CLANG_WARN_OBJC_LITERAL_CONVERSION = YES;
				CLANG_WARN_OBJC_ROOT_CLASS = YES_ERROR;
				CLANG_WARN_QUOTED_INCLUDE_IN_FRAMEWORK_HEADER = YES;
				CLANG_WARN_RANGE_LOOP_ANALYSIS = YES;
				CLANG_WARN_STRICT_PROTOTYPES = YES;
				CLANG_WARN_SUSPICIOUS_MOVE = YES;
				CLANG_WARN_UNGUARDED_AVAILABILITY = YES_AGGRESSIVE;
				CLANG_WARN_UNREACHABLE_CODE = YES;
				CLANG_WARN__DUPLICATE_METHOD_MATCH = YES;
				COPY_PHASE_STRIP = NO;
				DEBUG_INFORMATION_FORMAT = dwarf;
				ENABLE_STRICT_OBJC_MSGSEND = YES;
				ENABLE_TESTABILITY = YES;
				ENABLE_USER_SCRIPT_SANDBOXING = YES;
				GCC_C_LANGUAGE_STANDARD = gnu17;
				GCC_DYNAMIC_NO_PIC = NO;
				GCC_NO_COMMON_BLOCKS = YES;
				GCC_OPTIMIZATION_LEVEL = 0;
				GCC_PREPROCESSOR_DEFINITIONS = (
					"DEBUG=1",
					"$(inherited)",
				);
				GCC_WARN_64_TO_32_BIT_CONVERSION = YES;
				GCC_WARN_ABOUT_RETURN_TYPE = YES_ERROR;
				GCC_WARN_UNDECLARED_SELECTOR = YES;
				GCC_WARN_UNINITIALIZED_AUTOS = YES_AGGRESSIVE;
				GCC_WARN_UNUSED_FUNCTION = YES;
				GCC_WARN_UNUSED_VARIABLE = YES;
				IPHONEOS_DEPLOYMENT_TARGET = 17.0;
				LOCALIZATION_PREFERS_STRING_CATALOGS = YES;
				MTL_ENABLE_DEBUG_INFO = INCLUDE_SOURCE;
				MTL_FAST_MATH = YES;
				ONLY_ACTIVE_ARCH = YES;
				SDKROOT = iphoneos;
				SWIFT_ACTIVE_COMPILATION_CONDITIONS = "DEBUG $(inherited)";
				SWIFT_OPTIMIZATION_LEVEL = "-Onone";
			};
			name = Debug;
		};
		7E1751952D3617610097FE4A /* Release */ = {
			isa = XCBuildConfiguration;
			buildSettings = {
				ALWAYS_SEARCH_USER_PATHS = NO;
				ASSETCATALOG_COMPILER_GENERATE_SWIFT_ASSET_SYMBOL_EXTENSIONS = YES;
				CLANG_ANALYZER_NONNULL = YES;
				CLANG_ANALYZER_NUMBER_OBJECT_CONVERSION = YES_AGGRESSIVE;
				CLANG_CXX_LANGUAGE_STANDARD = "gnu++20";
				CLANG_ENABLE_MODULES = YES;
				CLANG_ENABLE_OBJC_ARC = YES;
				CLANG_ENABLE_OBJC_WEAK = YES;
				CLANG_WARN_BLOCK_CAPTURE_AUTORELEASING = YES;
				CLANG_WARN_BOOL_CONVERSION = YES;
				CLANG_WARN_COMMA = YES;
				CLANG_WARN_CONSTANT_CONVERSION = YES;
				CLANG_WARN_DEPRECATED_OBJC_IMPLEMENTATIONS = YES;
				CLANG_WARN_DIRECT_OBJC_ISA_USAGE = YES_ERROR;
				CLANG_WARN_DOCUMENTATION_COMMENTS = YES;
				CLANG_WARN_EMPTY_BODY = YES;
				CLANG_WARN_ENUM_CONVERSION = YES;
				CLANG_WARN_INFINITE_RECURSION = YES;
				CLANG_WARN_INT_CONVERSION = YES;
				CLANG_WARN_NON_LITERAL_NULL_CONVERSION = YES;
				CLANG_WARN_OBJC_IMPLICIT_RETAIN_SELF = YES;
				CLANG_WARN_OBJC_LITERAL_CONVERSION = YES;
				CLANG_WARN_OBJC_ROOT_CLASS = YES_ERROR;
				CLANG_WARN_QUOTED_INCLUDE_IN_FRAMEWORK_HEADER = YES;
				CLANG_WARN_RANGE_LOOP_ANALYSIS = YES;
				CLANG_WARN_STRICT_PROTOTYPES = YES;
				CLANG_WARN_SUSPICIOUS_MOVE = YES;
				CLANG_WARN_UNGUARDED_AVAILABILITY = YES_AGGRESSIVE;
				CLANG_WARN_UNREACHABLE_CODE = YES;
				CLANG_WARN__DUPLICATE_METHOD_MATCH = YES;
				COPY_PHASE_STRIP = NO;
				DEBUG_INFORMATION_FORMAT = "dwarf-with-dsym";
				ENABLE_NS_ASSERTIONS = NO;
				ENABLE_STRICT_OBJC_MSGSEND = YES;
				ENABLE_USER_SCRIPT_SANDBOXING = YES;
				GCC_C_LANGUAGE_STANDARD = gnu17;
				GCC_NO_COMMON_BLOCKS = YES;
				GCC_WARN_64_TO_32_BIT_CONVERSION = YES;
				GCC_WARN_ABOUT_RETURN_TYPE = YES_ERROR;
				GCC_WARN_UNDECLARED_SELECTOR = YES;
				GCC_WARN_UNINITIALIZED_AUTOS = YES_AGGRESSIVE;
				GCC_WARN_UNUSED_FUNCTION = YES;
				GCC_WARN_UNUSED_VARIABLE = YES;
				IPHONEOS_DEPLOYMENT_TARGET = 17.0;
				LOCALIZATION_PREFERS_STRING_CATALOGS = YES;
				MTL_ENABLE_DEBUG_INFO = NO;
				MTL_FAST_MATH = YES;
				SDKROOT = iphoneos;
				SWIFT_COMPILATION_MODE = wholemodule;
				VALIDATE_PRODUCT = YES;
			};
			name = Release;
		};
		7E1751972D3617610097FE4A /* Debug */ = {
			isa = XCBuildConfiguration;
			baseConfigurationReference = B0B0A6E0FC925EC745E42642 /* Pods-stockStalker.debug.xcconfig */;
			buildSettings = {
				ASSETCATALOG_COMPILER_APPICON_NAME = AppIcon;
				ASSETCATALOG_COMPILER_GLOBAL_ACCENT_COLOR_NAME = AccentColor;
				CODE_SIGN_STYLE = Automatic;
				CURRENT_PROJECT_VERSION = 1;
				GENERATE_INFOPLIST_FILE = YES;
				INFOPLIST_FILE = stockStalker/Info.plist;
				INFOPLIST_KEY_UIApplicationSupportsIndirectInputEvents = YES;
				INFOPLIST_KEY_UILaunchStoryboardName = LaunchScreen;
				INFOPLIST_KEY_UIMainStoryboardFile = Main;
				INFOPLIST_KEY_UISupportedInterfaceOrientations = UIInterfaceOrientationPortrait;
				INFOPLIST_KEY_UISupportedInterfaceOrientations_iPad = "UIInterfaceOrientationLandscapeLeft UIInterfaceOrientationLandscapeRight UIInterfaceOrientationPortrait UIInterfaceOrientationPortraitUpsideDown";
				IPHONEOS_DEPLOYMENT_TARGET = 15.0;
				LD_RUNPATH_SEARCH_PATHS = (
					"$(inherited)",
					"@executable_path/Frameworks",
				);
				MARKETING_VERSION = 1.0;
				PRODUCT_BUNDLE_IDENTIFIER = kr.co.wonsang.stockStalker;
				PRODUCT_NAME = "$(TARGET_NAME)";
				SUPPORTED_PLATFORMS = "iphoneos iphonesimulator";
				SUPPORTS_MACCATALYST = NO;
				SUPPORTS_MAC_DESIGNED_FOR_IPHONE_IPAD = NO;
				SUPPORTS_XR_DESIGNED_FOR_IPHONE_IPAD = NO;
				SWIFT_EMIT_LOC_STRINGS = YES;
				SWIFT_VERSION = 5.0;
				TARGETED_DEVICE_FAMILY = 1;
			};
			name = Debug;
		};
		7E1751982D3617610097FE4A /* Release */ = {
			isa = XCBuildConfiguration;
			baseConfigurationReference = 2A407704B5BCAF8E0C80EE35 /* Pods-stockStalker.release.xcconfig */;
			buildSettings = {
				ASSETCATALOG_COMPILER_APPICON_NAME = AppIcon;
				ASSETCATALOG_COMPILER_GLOBAL_ACCENT_COLOR_NAME = AccentColor;
				CODE_SIGN_STYLE = Automatic;
				CURRENT_PROJECT_VERSION = 1;
				GENERATE_INFOPLIST_FILE = YES;
				INFOPLIST_FILE = stockStalker/Info.plist;
				INFOPLIST_KEY_UIApplicationSupportsIndirectInputEvents = YES;
				INFOPLIST_KEY_UILaunchStoryboardName = LaunchScreen;
				INFOPLIST_KEY_UIMainStoryboardFile = Main;
				INFOPLIST_KEY_UISupportedInterfaceOrientations = UIInterfaceOrientationPortrait;
				INFOPLIST_KEY_UISupportedInterfaceOrientations_iPad = "UIInterfaceOrientationLandscapeLeft UIInterfaceOrientationLandscapeRight UIInterfaceOrientationPortrait UIInterfaceOrientationPortraitUpsideDown";
				IPHONEOS_DEPLOYMENT_TARGET = 15.0;
				LD_RUNPATH_SEARCH_PATHS = (
					"$(inherited)",
					"@executable_path/Frameworks",
				);
				MARKETING_VERSION = 1.0;
				PRODUCT_BUNDLE_IDENTIFIER = kr.co.wonsang.stockStalker;
				PRODUCT_NAME = "$(TARGET_NAME)";
				SUPPORTED_PLATFORMS = "iphoneos iphonesimulator";
				SUPPORTS_MACCATALYST = NO;
				SUPPORTS_MAC_DESIGNED_FOR_IPHONE_IPAD = NO;
				SUPPORTS_XR_DESIGNED_FOR_IPHONE_IPAD = NO;
				SWIFT_EMIT_LOC_STRINGS = YES;
				SWIFT_VERSION = 5.0;
				TARGETED_DEVICE_FAMILY = 1;
			};
			name = Release;
		};
/* End XCBuildConfiguration section */

/* Begin XCConfigurationList section */
		7E17517D2D36175D0097FE4A /* Build configuration list for PBXProject "stockStalker" */ = {
			isa = XCConfigurationList;
			buildConfigurations = (
				7E1751942D3617610097FE4A /* Debug */,
				7E1751952D3617610097FE4A /* Release */,
			);
			defaultConfigurationIsVisible = 0;
			defaultConfigurationName = Release;
		};
		7E1751962D3617610097FE4A /* Build configuration list for PBXNativeTarget "stockStalker" */ = {
			isa = XCConfigurationList;
			buildConfigurations = (
				7E1751972D3617610097FE4A /* Debug */,
				7E1751982D3617610097FE4A /* Release */,
			);
			defaultConfigurationIsVisible = 0;
			defaultConfigurationName = Release;
		};
/* End XCConfigurationList section */
	};
	rootObject = 7E17517A2D36175D0097FE4A /* Project object */;
}
